
Microsoft Visual Studio Solution File, Format Version 12.00
# Visual Studio Version 16
VisualStudioVersion = 16.0.30320.27
MinimumVisualStudioVersion = 10.0.40219.1
Project("{9A19103F-16F7-4668-BE54-9A1E7A4F7556}") = "RPGGame.Domain", "RPGGame.Domain\RPGGame.Domain.csproj", "{31A68A85-3DD2-4EAB-B595-8D2D6539E4BA}"
EndProject
Project("{9A19103F-16F7-4668-BE54-9A1E7A4F7556}") = "RPGGame", "RPGGame\RPGGame.csproj", "{853C6BA0-83F7-4936-9008-3779D95EF25F}"
EndProject
Project("{9A19103F-16F7-4668-BE54-9A1E7A4F7556}") = "RPGGame.Application", "RPGGame.Application\RPGGame.Application.csproj", "{8180AA8F-4A2B-4182-90DB-5DDA90635DE6}"
EndProject
Project("{FAE04EC0-301F-11D3-BF4B-00C04F79EFBC}") = "RPGGame.Test", "RPGGame.Test\RPGGame.Test.csproj", "{1E48F7EA-3DFC-4D1B-8897-5654A3107825}"
EndProject
Global
	GlobalSection(SolutionConfigurationPlatforms) = preSolution
		Debug|Any CPU = Debug|Any CPU
		Release|Any CPU = Release|Any CPU
	EndGlobalSection
	GlobalSection(ProjectConfigurationPlatforms) = postSolution
		{31A68A85-3DD2-4EAB-B595-8D2D6539E4BA}.Debug|Any CPU.ActiveCfg = Debug|Any CPU
		{31A68A85-3DD2-4EAB-B595-8D2D6539E4BA}.Debug|Any CPU.Build.0 = Debug|Any CPU
		{31A68A85-3DD2-4EAB-B595-8D2D6539E4BA}.Release|Any CPU.ActiveCfg = Release|Any CPU
		{31A68A85-3DD2-4EAB-B595-8D2D6539E4BA}.Release|Any CPU.Build.0 = Release|Any CPU
		{853C6BA0-83F7-4936-9008-3779D95EF25F}.Debug|Any CPU.ActiveCfg = Debug|Any CPU
		{853C6BA0-83F7-4936-9008-3779D95EF25F}.Debug|Any CPU.Build.0 = Debug|Any CPU
		{853C6BA0-83F7-4936-9008-3779D95EF25F}.Release|Any CPU.ActiveCfg = Release|Any CPU
		{853C6BA0-83F7-4936-9008-3779D95EF25F}.Release|Any CPU.Build.0 = Release|Any CPU
		{8180AA8F-4A2B-4182-90DB-5DDA90635DE6}.Debug|Any CPU.ActiveCfg = Debug|Any CPU
		{8180AA8F-4A2B-4182-90DB-5DDA90635DE6}.Debug|Any CPU.Build.0 = Debug|Any CPU
		{8180AA8F-4A2B-4182-90DB-5DDA90635DE6}.Release|Any CPU.ActiveCfg = Release|Any CPU
		{8180AA8F-4A2B-4182-90DB-5DDA90635DE6}.Release|Any CPU.Build.0 = Release|Any CPU
		{1E48F7EA-3DFC-4D1B-8897-5654A3107825}.Debug|Any CPU.ActiveCfg = Debug|Any CPU
		{1E48F7EA-3DFC-4D1B-8897-5654A3107825}.Debug|Any CPU.Build.0 = Debug|Any CPU
		{1E48F7EA-3DFC-4D1B-8897-5654A3107825}.Release|Any CPU.ActiveCfg = Release|Any CPU
		{1E48F7EA-3DFC-4D1B-8897-5654A3107825}.Release|Any CPU.Build.0 = Release|Any CPU
	EndGlobalSection
	GlobalSection(SolutionProperties) = preSolution
		HideSolutionNode = FALSE
	EndGlobalSection
	GlobalSection(ExtensibilityGlobals) = postSolution
		SolutionGuid = {1E87B1F4-6809-4866-89FE-693A5A2A5F27}
	EndGlobalSection
EndGlobal
